{
  "name": "TotoB12-AI-Chat",
  "lockfileVersion": 2,
  "requires": true,
  "packages": {
    "": {
      "dependencies": {
        "dotenv": "^16.0.3",
        "env": "^0.0.2",
        "process": "^0.11.10",
        "require": "^0.4.4"
      }
    },
    "node_modules/dotenv": {
      "version": "16.0.3",
      "resolved": "https://registry.npmjs.org/dotenv/-/dotenv-16.0.3.tgz",
      "integrity": "sha512-7GO6HghkA5fYG9TYnNxi14/7K9f5occMlp3zXAuSxn7CKCxt9xbNWG7yF8hTCSUchlfWSe3uLmlPfigevRItzQ==",
      "engines": {
        "node": ">=12"
      }
    },
    "node_modules/env": {
      "version": "0.0.2",
      "resolved": "https://registry.npmjs.org/env/-/env-0.0.2.tgz",
      "integrity": "sha512-yP8LfjO4ughSHD/3HgLPinWzexmaOGvRfs2TFx0SZhOm7j1xPi9evjuGcLiNVHIGLmcsgMak4eDbBzlYqGIVxw==",
      "engines": {
        "node": ">= 0.5.9"
      }
    },
    "node_modules/process": {
      "version": "0.11.10",
      "resolved": "https://registry.npmjs.org/process/-/process-0.11.10.tgz",
      "integrity": "sha512-cdGef/drWFoydD1JsMzuFf8100nZl+GT+yacc2bEced5f9Rjk4z+WtFUTBu9PhOi9j/jfmBPu0mMEY4wIdAF8A==",
      "engines": {
        "node": ">= 0.6.0"
      }
    },
    "node_modules/require": {
      "version": "0.4.4",
      "resolved": "https://registry.npmjs.org/require/-/require-0.4.4.tgz",
      "integrity": "sha512-aCu6DCnZpKufLPwcXvXVf7rv9gXFojNBQvp/anIBIhTn8XLREnI/WTC4T4WPz4MYKFrRrJ1ocA76pMuH+laaMA==",
      "bin": {
        "require": "bin/require-command.js"
      },
      "engines": {
        "browsers": "*",
        "node": "*"
      }
    }
  },
  "dependencies": {
    "dotenv": {
      "version": "16.0.3",
      "resolved": "https://registry.npmjs.org/dotenv/-/dotenv-16.0.3.tgz",
      "integrity": "sha512-7GO6HghkA5fYG9TYnNxi14/7K9f5occMlp3zXAuSxn7CKCxt9xbNWG7yF8hTCSUchlfWSe3uLmlPfigevRItzQ=="
    },
    "env": {
      "version": "0.0.2",
      "resolved": "https://registry.npmjs.org/env/-/env-0.0.2.tgz",
      "integrity": "sha512-yP8LfjO4ughSHD/3HgLPinWzexmaOGvRfs2TFx0SZhOm7j1xPi9evjuGcLiNVHIGLmcsgMak4eDbBzlYqGIVxw=="
    },
    "process": {
      "version": "0.11.10",
      "resolved": "https://registry.npmjs.org/process/-/process-0.11.10.tgz",
      "integrity": "sha512-cdGef/drWFoydD1JsMzuFf8100nZl+GT+yacc2bEced5f9Rjk4z+WtFUTBu9PhOi9j/jfmBPu0mMEY4wIdAF8A=="
    },
    "require": {
      "version": "0.4.4",
      "resolved": "https://registry.npmjs.org/require/-/require-0.4.4.tgz",
      "integrity": "sha512-aCu6DCnZpKufLPwcXvXVf7rv9gXFojNBQvp/anIBIhTn8XLREnI/WTC4T4WPz4MYKFrRrJ1ocA76pMuH+laaMA=="
    }
  }
}
